# THIS IS AN AUTOGENERATED FILE. DO NOT EDIT THIS FILE DIRECTLY.
# yarn lockfile v1
ansi-styles@~0.2.0:
  version "0.2.0"
  resolved "https://registry.yarnpkg.com/ansi-styles/-/ansi-styles-0.2.0.tgz#359ab4b15dcd64ba6d74734b72c36360a9af2c19"

asn1@0.1.11:
  version "0.1.11"
  resolved "https://registry.yarnpkg.com/asn1/-/asn1-0.1.11.tgz#559be18376d08a4ec4dbe80877d27818639b2df7"

assert-plus@^0.1.5:
  version "0.1.5"
  resolved "https://registry.yarnpkg.com/assert-plus/-/assert-plus-0.1.5.tgz#ee74009413002d84cec7219c6ac811812e723160"

async@~0.2.8:
  version "0.2.10"
  resolved "https://registry.yarnpkg.com/async/-/async-0.2.10.tgz#b6bbe0b0674b9d719708ca38de8c237cb526c3d1"

async@~0.9.0:
  version "0.9.2"
  resolved "https://registry.yarnpkg.com/async/-/async-0.9.2.tgz#aea74d5e61c1f899613bf64bda66d4c78f2fd17d"

aws-sign@~0.3.0:
  version "0.3.0"
  resolved "https://registry.yarnpkg.com/aws-sign/-/aws-sign-0.3.0.tgz#3d81ca69b474b1e16518728b51c24ff0bbedc6e9"

balanced-match@^0.4.1:
  version "0.4.2"
  resolved "https://registry.yarnpkg.com/balanced-match/-/balanced-match-0.4.2.tgz#cb3f3e3c732dc0f01ee70b403f302e61d7709838"

block-stream@*:
  version "0.0.9"
  resolved "https://registry.yarnpkg.com/block-stream/-/block-stream-0.0.9.tgz#13ebfe778a03205cfe03751481ebb4b3300c126a"
  dependencies:
    inherits "~2.0.0"

boolbase@~1.0.0:
  version "1.0.0"
  resolved "https://registry.yarnpkg.com/boolbase/-/boolbase-1.0.0.tgz#68dff5fbe60c51eb37725ea9e3ed310dcc1e776e"

boom@0.4.x:
  version "0.4.2"
  resolved "https://registry.yarnpkg.com/boom/-/boom-0.4.2.tgz#7a636e9ded4efcefb19cef4947a3c67dfaee911b"
  dependencies:
    hoek "0.9.x"

brace-expansion@^1.0.0:
  version "1.1.6"
  resolved "https://registry.yarnpkg.com/brace-expansion/-/brace-expansion-1.1.6.tgz#7197d7eaa9b87e648390ea61fc66c84427420df9"
  dependencies:
    balanced-match "^0.4.1"
    concat-map "0.0.1"

chalk@~0.2.0:
  version "0.2.1"
  resolved "https://registry.yarnpkg.com/chalk/-/chalk-0.2.1.tgz#7613e1575145b21386483f7f485aa5ffa8cbd10c"
  dependencies:
    ansi-styles "~0.2.0"
    has-color "~0.1.0"

cheerio-select@*:
  version "0.0.3"
  resolved "https://registry.yarnpkg.com/cheerio-select/-/cheerio-select-0.0.3.tgz#3f2420114f3ccb0b1b075c245ccfaae5d617a388"
  dependencies:
    CSSselect "0.x"

cheerio@~0.12.0:
  version "0.12.4"
  resolved "https://registry.yarnpkg.com/cheerio/-/cheerio-0.12.4.tgz#c199626e9e1eb0d4233a91a4793e7f8aaa69a18b"
  dependencies:
    cheerio-select "*"
    entities "0.x"
    htmlparser2 "3.1.4"
    underscore "~1.4"

cli-color@~0.2.2:
  version "0.2.3"
  resolved "https://registry.yarnpkg.com/cli-color/-/cli-color-0.2.3.tgz#0a25ceae5a6a1602be7f77d28563c36700274e88"
  dependencies:
    es5-ext "~0.9.2"
    memoizee "~0.2.5"

combined-stream@~0.0.4:
  version "0.0.7"
  resolved "https://registry.yarnpkg.com/combined-stream/-/combined-stream-0.0.7.tgz#0137e657baa5a7541c57ac37ac5fc07d73b4dc1f"
  dependencies:
    delayed-stream "0.0.5"

commander@0.6.1:
  version "0.6.1"
  resolved "https://registry.yarnpkg.com/commander/-/commander-0.6.1.tgz#fa68a14f6a945d54dbbe50d8cdb3320e9e3b1a06"

concat-map@0.0.1:
  version "0.0.1"
  resolved "https://registry.yarnpkg.com/concat-map/-/concat-map-0.0.1.tgz#d8a96bd77fd68df7793a73036a3ba0d5405d477b"

cookie-jar@~0.3.0:
  version "0.3.0"
  resolved "https://registry.yarnpkg.com/cookie-jar/-/cookie-jar-0.3.0.tgz#bc9a27d4e2b97e186cd57c9e2063cb99fa68cccc"

core-util-is@~1.0.0:
  version "1.0.2"
  resolved "https://registry.yarnpkg.com/core-util-is/-/core-util-is-1.0.2.tgz#b5fd54220aa2bc5ab57aab7140c940754503c1a7"

cryptiles@0.2.x:
  version "0.2.2"
  resolved "https://registry.yarnpkg.com/cryptiles/-/cryptiles-0.2.2.tgz#ed91ff1f17ad13d3748288594f8a48a0d26f325c"
  dependencies:
    boom "0.4.x"

CSSselect@0.x:
  version "0.7.0"
  resolved "https://registry.yarnpkg.com/CSSselect/-/CSSselect-0.7.0.tgz#e4054c67b467465f3c9500c0da0aa7878c4babd2"
  dependencies:
    boolbase "~1.0.0"
    CSSwhat "0.4"
    domutils "1.4"
    nth-check "~1.0.0"

CSSwhat@0.4:
  version "0.4.7"
  resolved "https://registry.yarnpkg.com/CSSwhat/-/CSSwhat-0.4.7.tgz#867da0ff39f778613242c44cfea83f0aa4ebdf9b"

ctype@0.5.3:
  version "0.5.3"
  resolved "https://registry.yarnpkg.com/ctype/-/ctype-0.5.3.tgz#82c18c2461f74114ef16c135224ad0b9144ca12f"

dargs@~0.1.0:
  version "0.1.0"
  resolved "https://registry.yarnpkg.com/dargs/-/dargs-0.1.0.tgz#2364ad9f441f976dcd5fe9961e21715665a5e3c3"

debug@*:
  version "2.2.0"
  resolved "https://registry.yarnpkg.com/debug/-/debug-2.2.0.tgz#f87057e995b1a1f6ae6a4960664137bc56f039da"
  dependencies:
    ms "0.7.1"

debug@~0.7.2:
  version "0.7.4"
  resolved "https://registry.yarnpkg.com/debug/-/debug-0.7.4.tgz#06e1ea8082c2cb14e39806e22e2f6f757f92af39"

delayed-stream@0.0.5:
  version "0.0.5"
  resolved "https://registry.yarnpkg.com/delayed-stream/-/delayed-stream-0.0.5.tgz#d4b1f43a93e8296dfe02694f4680bc37a313c73f"

diff@~1.0.4:
  version "1.0.8"
  resolved "https://registry.yarnpkg.com/diff/-/diff-1.0.8.tgz#343276308ec991b7bc82267ed55bc1411f971666"

diff@1.0.2:
  version "1.0.2"
  resolved "https://registry.yarnpkg.com/diff/-/diff-1.0.2.tgz#4ae73f1aee8d6fcf484f1a1ce77ce651d9b7f0c9"

domelementtype@1:
  version "1.3.0"
  resolved "https://registry.yarnpkg.com/domelementtype/-/domelementtype-1.3.0.tgz#b17aed82e8ab59e52dd9c19b1756e0fc187204c2"

domhandler@2.0:
  version "2.0.3"
  resolved "https://registry.yarnpkg.com/domhandler/-/domhandler-2.0.3.tgz#889f8df626403af0788e29d66d5d5c6f7ebf0fd6"
  dependencies:
    domelementtype "1"

domutils@1.1:
  version "1.1.6"
  resolved "https://registry.yarnpkg.com/domutils/-/domutils-1.1.6.tgz#bddc3de099b9a2efacc51c623f28f416ecc57485"
  dependencies:
    domelementtype "1"

domutils@1.4:
  version "1.4.3"
  resolved "https://registry.yarnpkg.com/domutils/-/domutils-1.4.3.tgz#0865513796c6b306031850e175516baf80b72a6f"
  dependencies:
    domelementtype "1"

entities@0.x:
  version "0.5.0"
  resolved "https://registry.yarnpkg.com/entities/-/entities-0.5.0.tgz#f611cb5ae221050e0012c66979503fd7ae19cc49"

es5-ext@~0.9.2:
  version "0.9.2"
  resolved "https://registry.yarnpkg.com/es5-ext/-/es5-ext-0.9.2.tgz#d2e309d1f223b0718648835acf5b8823a8061f8a"

event-emitter@~0.2.2:
  version "0.2.2"
  resolved "https://registry.yarnpkg.com/event-emitter/-/event-emitter-0.2.2.tgz#c81e3724eb55407c5a0d5ee3299411f700f54291"
  dependencies:
    es5-ext "~0.9.2"

findup-sync@~0.1.2:
  version "0.1.3"
  resolved "https://registry.yarnpkg.com/findup-sync/-/findup-sync-0.1.3.tgz#7f3e7a97b82392c653bf06589bd85190e93c3683"
  dependencies:
    glob "~3.2.9"
    lodash "~2.4.1"

forever-agent@~0.5.0:
  version "0.5.2"
  resolved "https://registry.yarnpkg.com/forever-agent/-/forever-agent-0.5.2.tgz#6d0e09c4921f94a27f63d3b49c5feff1ea4c5130"

form-data@~0.1.0:
  version "0.1.4"
  resolved "https://registry.yarnpkg.com/form-data/-/form-data-0.1.4.tgz#91abd788aba9702b1aabfa8bc01031a2ac9e3b12"
  dependencies:
    async "~0.9.0"
    combined-stream "~0.0.4"
    mime "~1.2.11"

fs.realpath@^1.0.0:
  version "1.0.0"
  resolved "https://registry.yarnpkg.com/fs.realpath/-/fs.realpath-1.0.0.tgz#1504ad2523158caa40db4a2787cb01411994ea4f"

fstream@~0.1.28:
  version "0.1.31"
  resolved "https://registry.yarnpkg.com/fstream/-/fstream-0.1.31.tgz#7337f058fbbbbefa8c9f561a28cab0849202c988"
  dependencies:
    graceful-fs "~3.0.2"
    inherits "~2.0.0"
    mkdirp "0.5"
    rimraf "2"

glob@^7.0.5:
  version "7.1.1"
  resolved "https://registry.yarnpkg.com/glob/-/glob-7.1.1.tgz#805211df04faaf1c63a3600306cdf5ade50b2ec8"
  dependencies:
    fs.realpath "^1.0.0"
    inflight "^1.0.4"
    inherits "2"
    minimatch "^3.0.2"
    once "^1.3.0"
    path-is-absolute "^1.0.0"

glob@~3.2.0, glob@~3.2.9:
  version "3.2.11"
  resolved "https://registry.yarnpkg.com/glob/-/glob-3.2.11.tgz#4a973f635b9190f715d10987d5c00fd2815ebe3d"
  dependencies:
    inherits "2"
    minimatch "0.3"

graceful-fs@~3.0.2:
  version "3.0.11"
  resolved "https://registry.yarnpkg.com/graceful-fs/-/graceful-fs-3.0.11.tgz#7613c778a1afea62f25c630a086d7f3acbbdd818"
  dependencies:
    natives "^1.1.0"

growl@1.7.x:
  version "1.7.0"
  resolved "https://registry.yarnpkg.com/growl/-/growl-1.7.0.tgz#de2d66136d002e112ba70f3f10c31cf7c350b2da"

has-color@~0.1.0:
  version "0.1.7"
  resolved "https://registry.yarnpkg.com/has-color/-/has-color-0.1.7.tgz#67144a5260c34fc3cca677d041daf52fe7b78b2f"

hawk@~1.0.0:
  version "1.0.0"
  resolved "https://registry.yarnpkg.com/hawk/-/hawk-1.0.0.tgz#b90bb169807285411da7ffcb8dd2598502d3b52d"
  dependencies:
    boom "0.4.x"
    cryptiles "0.2.x"
    hoek "0.9.x"
    sntp "0.2.x"

hoek@0.9.x:
  version "0.9.1"
  resolved "https://registry.yarnpkg.com/hoek/-/hoek-0.9.1.tgz#3d322462badf07716ea7eb85baf88079cddce505"

htmlparser2@3.1.4:
  version "3.1.4"
  resolved "https://registry.yarnpkg.com/htmlparser2/-/htmlparser2-3.1.4.tgz#72cbe7d5d56c01acf61fcf7b933331f4e45b36f0"
  dependencies:
    domelementtype "1"
    domhandler "2.0"
    domutils "1.1"
    readable-stream "1.0"

http-signature@~0.10.0:
  version "0.10.1"
  resolved "https://registry.yarnpkg.com/http-signature/-/http-signature-0.10.1.tgz#4fbdac132559aa8323121e540779c0a012b27e66"
  dependencies:
    asn1 "0.1.11"
    assert-plus "^0.1.5"
    ctype "0.5.3"

iconv-lite@~0.2.10:
  version "0.2.11"
  resolved "https://registry.yarnpkg.com/iconv-lite/-/iconv-lite-0.2.11.tgz#1ce60a3a57864a292d1321ff4609ca4bb965adc8"

inflight@^1.0.4:
  version "1.0.6"
  resolved "https://registry.yarnpkg.com/inflight/-/inflight-1.0.6.tgz#49bd6331d7d02d0c09bc910a1075ba8165b56df9"
  dependencies:
    once "^1.3.0"
    wrappy "1"

inherits@~2.0.0, inherits@~2.0.1, inherits@2:
  version "2.0.3"
  resolved "https://registry.yarnpkg.com/inherits/-/inherits-2.0.3.tgz#633c2c83e3da42a502f52466022480f4208261de"

inquirer@~0.3.1:
  version "0.3.5"
  resolved "https://registry.yarnpkg.com/inquirer/-/inquirer-0.3.5.tgz#a78be064ac9abf168147c02169a931d9a483a9f6"
  dependencies:
    async "~0.2.8"
    cli-color "~0.2.2"
    lodash "~1.2.1"
    mute-stream "0.0.3"

isarray@0.0.1:
  version "0.0.1"
  resolved "https://registry.yarnpkg.com/isarray/-/isarray-0.0.1.tgz#8a18acfca9a8f4177e09abfc6038939b05d1eedf"

isbinaryfile@~0.1.8:
  version "0.1.9"
  resolved "https://registry.yarnpkg.com/isbinaryfile/-/isbinaryfile-0.1.9.tgz#15eece35c4ab708d8924da99fb874f2b5cc0b6c4"

jade@0.26.3:
  version "0.26.3"
  resolved "https://registry.yarnpkg.com/jade/-/jade-0.26.3.tgz#8f10d7977d8d79f2f6ff862a81b0513ccb25686c"
  dependencies:
    commander "0.6.1"
    mkdirp "0.3.0"

json-stringify-safe@~5.0.0:
  version "5.0.1"
  resolved "https://registry.yarnpkg.com/json-stringify-safe/-/json-stringify-safe-5.0.1.tgz#1296a2d58fd45f19a0f6ce01d65701e2c735b6eb"

lodash@~1.2.1:
  version "1.2.1"
  resolved "https://registry.yarnpkg.com/lodash/-/lodash-1.2.1.tgz#ed47b16e46f06b2b40309b68e9163c17e93ea304"

lodash@~1.3.0:
  version "1.3.1"
  resolved "https://registry.yarnpkg.com/lodash/-/lodash-1.3.1.tgz#a4663b53686b895ff074e2ba504dfb76a8e2b770"

lodash@~2.4.1:
  version "2.4.2"
  resolved "https://registry.yarnpkg.com/lodash/-/lodash-2.4.2.tgz#fadd834b9683073da179b3eae6d9c0d15053f73e"

lru-cache@2:
  version "2.7.3"
  resolved "https://registry.yarnpkg.com/lru-cache/-/lru-cache-2.7.3.tgz#6d4524e8b955f95d4f5b58851ce21dd72fb4e952"

memoizee@~0.2.5:
  version "0.2.6"
  resolved "https://registry.yarnpkg.com/memoizee/-/memoizee-0.2.6.tgz#bb45a7ad02530082f1612671dab35219cd2e0741"
  dependencies:
    es5-ext "~0.9.2"
    event-emitter "~0.2.2"
    next-tick "0.1.x"

mime@~1.2.11, mime@~1.2.9:
  version "1.2.11"
  resolved "https://registry.yarnpkg.com/mime/-/mime-1.2.11.tgz#58203eed86e3a5ef17aed2b7d9ebd47f0a60dd10"

minimatch@^3.0.2:
  version "3.0.3"
  resolved "https://registry.yarnpkg.com/minimatch/-/minimatch-3.0.3.tgz#2a4e4090b96b2db06a9d7df01055a62a77c9b774"
  dependencies:
    brace-expansion "^1.0.0"

minimatch@0.3:
  version "0.3.0"
  resolved "https://registry.yarnpkg.com/minimatch/-/minimatch-0.3.0.tgz#275d8edaac4f1bb3326472089e7949c8394699dd"
  dependencies:
    lru-cache "2"
    sigmund "~1.0.0"

minimist@0.0.8:
  version "0.0.8"
  resolved "https://registry.yarnpkg.com/minimist/-/minimist-0.0.8.tgz#857fcabfc3397d2625b8228262e86aa7a011b05d"

mkdirp@~0.3.5:
  version "0.3.5"
  resolved "https://registry.yarnpkg.com/mkdirp/-/mkdirp-0.3.5.tgz#de3e5f8961c88c787ee1368df849ac4413eca8d7"

mkdirp@0.3.0:
  version "0.3.0"
  resolved "https://registry.yarnpkg.com/mkdirp/-/mkdirp-0.3.0.tgz#1bbf5ab1ba827af23575143490426455f481fe1e"

mkdirp@0.3.3:
  version "0.3.3"
  resolved "https://registry.yarnpkg.com/mkdirp/-/mkdirp-0.3.3.tgz#595e251c1370c3a68bab2136d0e348b8105adf13"

mkdirp@0.5:
  version "0.5.1"
  resolved "https://registry.yarnpkg.com/mkdirp/-/mkdirp-0.5.1.tgz#30057438eac6cf7f8c4767f38648d6697d75c903"
  dependencies:
    minimist "0.0.8"

mocha@~1.9.0:
  version "1.9.0"
  resolved "https://registry.yarnpkg.com/mocha/-/mocha-1.9.0.tgz#141054b13cb03ce5ce59aece3d65d5ca01b8df0a"
  dependencies:
    commander "0.6.1"
    debug "*"
    diff "1.0.2"
    growl "1.7.x"
    jade "0.26.3"
    mkdirp "0.3.3"
    ms "0.3.0"

ms@0.3.0:
  version "0.3.0"
  resolved "https://registry.yarnpkg.com/ms/-/ms-0.3.0.tgz#03edc348d613e66a56486cfdac53bcbe899cbd61"

ms@0.7.1:
  version "0.7.1"
  resolved "https://registry.yarnpkg.com/ms/-/ms-0.7.1.tgz#9cd13c03adbff25b65effde7ce864ee952017098"

mute-stream@0.0.3:
  version "0.0.3"
  resolved "https://registry.yarnpkg.com/mute-stream/-/mute-stream-0.0.3.tgz#f09c090d333b3063f615cbbcca71b349893f0152"

natives@^1.1.0:
  version "1.1.0"
  resolved "https://registry.yarnpkg.com/natives/-/natives-1.1.0.tgz#e9ff841418a6b2ec7a495e939984f78f163e6e31"

next-tick@0.1.x:
  version "0.1.0"
  resolved "https://registry.yarnpkg.com/next-tick/-/next-tick-0.1.0.tgz#1912cce8eb9b697d640fbba94f8f00dec3b94259"

node-uuid@~1.4.0:
  version "1.4.7"
  resolved "https://registry.yarnpkg.com/node-uuid/-/node-uuid-1.4.7.tgz#6da5a17668c4b3dd59623bda11cf7fa4c1f60a6f"

nth-check@~1.0.0:
  version "1.0.1"
  resolved "https://registry.yarnpkg.com/nth-check/-/nth-check-1.0.1.tgz#9929acdf628fc2c41098deab82ac580cf149aae4"
  dependencies:
    boolbase "~1.0.0"

oauth-sign@~0.3.0:
  version "0.3.0"
  resolved "https://registry.yarnpkg.com/oauth-sign/-/oauth-sign-0.3.0.tgz#cb540f93bb2b22a7d5941691a288d60e8ea9386e"

once@^1.3.0:
  version "1.4.0"
  resolved "https://registry.yarnpkg.com/once/-/once-1.4.0.tgz#583b1aa775961d4b113ac17d9c50baef9dd76bd1"
  dependencies:
    wrappy "1"

path-is-absolute@^1.0.0:
  version "1.0.1"
  resolved "https://registry.yarnpkg.com/path-is-absolute/-/path-is-absolute-1.0.1.tgz#174b9268735534ffbc7ace6bf53a5a9e1b5c5f5f"

qs@~0.6.0:
  version "0.6.6"
  resolved "https://registry.yarnpkg.com/qs/-/qs-0.6.6.tgz#6e015098ff51968b8a3c819001d5f2c89bc4b107"

readable-stream@1.0:
  version "1.0.34"
  resolved "https://registry.yarnpkg.com/readable-stream/-/readable-stream-1.0.34.tgz#125820e34bc842d2f2aaafafe4c2916ee32c157c"
  dependencies:
    core-util-is "~1.0.0"
    inherits "~2.0.1"
    isarray "0.0.1"
    string_decoder "~0.10.x"

request@~2.25.0:
  version "2.25.0"
  resolved "https://registry.yarnpkg.com/request/-/request-2.25.0.tgz#dac1673181887fe0b2ce6bd7e12f46d554a02ce9"
  dependencies:
    aws-sign "~0.3.0"
    cookie-jar "~0.3.0"
    forever-agent "~0.5.0"
    form-data "~0.1.0"
    hawk "~1.0.0"
    http-signature "~0.10.0"
    json-stringify-safe "~5.0.0"
    mime "~1.2.9"
    node-uuid "~1.4.0"
    oauth-sign "~0.3.0"
    qs "~0.6.0"
    tunnel-agent "~0.3.0"

rimraf@~2.2.0:
  version "2.2.8"
  resolved "https://registry.yarnpkg.com/rimraf/-/rimraf-2.2.8.tgz#e439be2aaee327321952730f99a8929e4fc50582"

rimraf@2:
  version "2.5.4"
  resolved "https://registry.yarnpkg.com/rimraf/-/rimraf-2.5.4.tgz#96800093cbf1a0c86bd95b4625467535c29dfa04"
  dependencies:
    glob "^7.0.5"

shelljs@~0.1.4:
  version "0.1.4"
  resolved "https://registry.yarnpkg.com/shelljs/-/shelljs-0.1.4.tgz#dfbbe78d56c3c0168d2fb79e10ecd1dbcb07ec0e"

sigmund@~1.0.0:
  version "1.0.1"
  resolved "https://registry.yarnpkg.com/sigmund/-/sigmund-1.0.1.tgz#3ff21f198cad2175f9f3b781853fd94d0d19b590"

sntp@0.2.x:
  version "0.2.4"
  resolved "https://registry.yarnpkg.com/sntp/-/sntp-0.2.4.tgz#fb885f18b0f3aad189f824862536bceeec750900"
  dependencies:
    hoek "0.9.x"

string_decoder@~0.10.x:
  version "0.10.31"
  resolved "https://registry.yarnpkg.com/string_decoder/-/string_decoder-0.10.31.tgz#62e203bc41766c6c28c9fc84301dab1c5310fa94"

tar@~0.1.17:
  version "0.1.20"
  resolved "https://registry.yarnpkg.com/tar/-/tar-0.1.20.tgz#42940bae5b5f22c74483699126f9f3f27449cb13"
  dependencies:
    block-stream "*"
    fstream "~0.1.28"
    inherits "2"

text-table@~0.1.1:
  version "0.1.1"
  resolved "https://registry.yarnpkg.com/text-table/-/text-table-0.1.1.tgz#9aa4347a39b6950cd24190264576f62db6e52d93"

tunnel-agent@~0.3.0:
  version "0.3.0"
  resolved "https://registry.yarnpkg.com/tunnel-agent/-/tunnel-agent-0.3.0.tgz#ad681b68f5321ad2827c4cfb1b7d5df2cfe942ee"

underscore.inflections@~0.1.5:
  version "0.1.5"
  resolved "https://registry.yarnpkg.com/underscore.inflections/-/underscore.inflections-0.1.5.tgz#c2f153f572b7f8cba10dd3cdd820499a68f3407f"
  dependencies:
    underscore "~1.3"

underscore.string@~2.3.1:
  version "2.3.3"
  resolved "https://registry.yarnpkg.com/underscore.string/-/underscore.string-2.3.3.tgz#71c08bf6b428b1133f37e78fa3a21c82f7329b0d"

underscore@~1.3:
  version "1.3.3"
  resolved "https://registry.yarnpkg.com/underscore/-/underscore-1.3.3.tgz#47ac53683daf832bfa952e1774417da47817ae42"

underscore@~1.4:
  version "1.4.4"
  resolved "https://registry.yarnpkg.com/underscore/-/underscore-1.4.4.tgz#61a6a32010622afa07963bf325203cf12239d604"

wrappy@1:
  version "1.0.2"
  resolved "https://registry.yarnpkg.com/wrappy/-/wrappy-1.0.2.tgz#b5243d8f3ec1aa35f1364605bc0d1036e30ab69f"

yeoman-generator@~0.13.4:
  version "0.13.4"
  resolved "https://registry.yarnpkg.com/yeoman-generator/-/yeoman-generator-0.13.4.tgz#066798dd978026d37be6657b2672a17bc4f4ce34"
  dependencies:
    async "~0.2.8"
    chalk "~0.2.0"
    cheerio "~0.12.0"
    dargs "~0.1.0"
    debug "~0.7.2"
    diff "~1.0.4"
    findup-sync "~0.1.2"
    glob "~3.2.0"
    iconv-lite "~0.2.10"
    inquirer "~0.3.1"
    isbinaryfile "~0.1.8"
    lodash "~1.3.0"
    mime "~1.2.9"
    mkdirp "~0.3.5"
    request "~2.25.0"
    rimraf "~2.2.0"
    shelljs "~0.1.4"
    tar "~0.1.17"
    text-table "~0.1.1"
    underscore.string "~2.3.1"

